// !$*UTF8*$!
{
	archiveVersion = 1;
	classes = {
	};
	objectVersion = 42;
	objects = {

/* Begin PBXBuildFile section */
		27926A4513EA7BE3003F6797 /* DPP.framework in Frameworks */ = {isa = PBXBuildFile; fileRef = 27926A3313EA7BE3003F6797 /* DPP.framework */; };
		27926A4613EA7BE3003F6797 /* EDSDK.framework in Frameworks */ = {isa = PBXBuildFile; fileRef = 27926A3413EA7BE3003F6797 /* EDSDK.framework */; };
		27926A4A13EA7BE3003F6797 /* ofxEdsdk.cpp in Sources */ = {isa = PBXBuildFile; fileRef = 27926A4313EA7BE3003F6797 /* ofxEdsdk.cpp */; };
		27FD092D1442120500EE9C60 /* DPP.framework in CopyFiles */ = {isa = PBXBuildFile; fileRef = 27926A3313EA7BE3003F6797 /* DPP.framework */; };
		27FD092E1442120500EE9C60 /* EDSDK.framework in CopyFiles */ = {isa = PBXBuildFile; fileRef = 27926A3413EA7BE3003F6797 /* EDSDK.framework */; };
		441335241448465B009CB1A8 /* EdsExamples.cpp in Sources */ = {isa = PBXBuildFile; fileRef = 4413351C1448465B009CB1A8 /* EdsExamples.cpp */; };
		441335251448465B009CB1A8 /* EdsException.cpp in Sources */ = {isa = PBXBuildFile; fileRef = 4413351E1448465B009CB1A8 /* EdsException.cpp */; };
		441335261448465B009CB1A8 /* EdsStrings.cpp in Sources */ = {isa = PBXBuildFile; fileRef = 441335201448465B009CB1A8 /* EdsStrings.cpp */; };
		441335271448465B009CB1A8 /* EdsWrapper.cpp in Sources */ = {isa = PBXBuildFile; fileRef = 441335221448465B009CB1A8 /* EdsWrapper.cpp */; };
		44133598144848BA009CB1A8 /* osc.a in Frameworks */ = {isa = PBXBuildFile; fileRef = 4413358C144848BA009CB1A8 /* osc.a */; };
		44133599144848BA009CB1A8 /* ofxOscBundle.cpp in Sources */ = {isa = PBXBuildFile; fileRef = 44133590144848BA009CB1A8 /* ofxOscBundle.cpp */; };
		4413359A144848BA009CB1A8 /* ofxOscMessage.cpp in Sources */ = {isa = PBXBuildFile; fileRef = 44133592144848BA009CB1A8 /* ofxOscMessage.cpp */; };
		4413359B144848BA009CB1A8 /* ofxOscReceiver.cpp in Sources */ = {isa = PBXBuildFile; fileRef = 44133594144848BA009CB1A8 /* ofxOscReceiver.cpp */; };
		4413359C144848BA009CB1A8 /* ofxOscSender.cpp in Sources */ = {isa = PBXBuildFile; fileRef = 44133596144848BA009CB1A8 /* ofxOscSender.cpp */; };
		441335A0144848CC009CB1A8 /* face.cpp in Sources */ = {isa = PBXBuildFile; fileRef = 4413359F144848CC009CB1A8 /* face.cpp */; };
		441335AB14484911009CB1A8 /* tinyxml.cpp in Sources */ = {isa = PBXBuildFile; fileRef = 441335A414484911009CB1A8 /* tinyxml.cpp */; };
		441335AC14484911009CB1A8 /* tinyxmlerror.cpp in Sources */ = {isa = PBXBuildFile; fileRef = 441335A614484911009CB1A8 /* tinyxmlerror.cpp */; };
		441335AD14484911009CB1A8 /* tinyxmlparser.cpp in Sources */ = {isa = PBXBuildFile; fileRef = 441335A714484911009CB1A8 /* tinyxmlparser.cpp */; };
		441335AE14484911009CB1A8 /* ofxXmlSettings.cpp in Sources */ = {isa = PBXBuildFile; fileRef = 441335A914484911009CB1A8 /* ofxXmlSettings.cpp */; };
		44BB450E144C2B3500C44181 /* ofxMSAInteractiveObject.cpp in Sources */ = {isa = PBXBuildFile; fileRef = 44BB44E7144C2B3500C44181 /* ofxMSAInteractiveObject.cpp */; };
		44BB450F144C2B3500C44181 /* ofxSimpleGuiButton.cpp in Sources */ = {isa = PBXBuildFile; fileRef = 44BB44EC144C2B3500C44181 /* ofxSimpleGuiButton.cpp */; };
		44BB4510144C2B3500C44181 /* ofxSimpleGuiColorPicker.cpp in Sources */ = {isa = PBXBuildFile; fileRef = 44BB44EE144C2B3500C44181 /* ofxSimpleGuiColorPicker.cpp */; };
		44BB4511144C2B3500C44181 /* ofxSimpleGuiComboBox.cpp in Sources */ = {isa = PBXBuildFile; fileRef = 44BB44F0144C2B3500C44181 /* ofxSimpleGuiComboBox.cpp */; };
		44BB4512144C2B3500C44181 /* ofxSimpleGuiContent.cpp in Sources */ = {isa = PBXBuildFile; fileRef = 44BB44F2144C2B3500C44181 /* ofxSimpleGuiContent.cpp */; };
		44BB4513144C2B3500C44181 /* ofxSimpleGuiFPSCounter.cpp in Sources */ = {isa = PBXBuildFile; fileRef = 44BB44F4144C2B3500C44181 /* ofxSimpleGuiFPSCounter.cpp */; };
		44BB4514144C2B3500C44181 /* ofxSimpleGuiMovieSlider.cpp in Sources */ = {isa = PBXBuildFile; fileRef = 44BB44F6144C2B3500C44181 /* ofxSimpleGuiMovieSlider.cpp */; };
		44BB4515144C2B3500C44181 /* ofxSimpleGuiQuadWarp.cpp in Sources */ = {isa = PBXBuildFile; fileRef = 44BB44F8144C2B3500C44181 /* ofxSimpleGuiQuadWarp.cpp */; };
		44BB4516144C2B3500C44181 /* ofxSimpleGuiSlider2d.cpp in Sources */ = {isa = PBXBuildFile; fileRef = 44BB44FA144C2B3500C44181 /* ofxSimpleGuiSlider2d.cpp */; };
		44BB4517144C2B3500C44181 /* ofxSimpleGuiTitle.cpp in Sources */ = {isa = PBXBuildFile; fileRef = 44BB44FF144C2B3500C44181 /* ofxSimpleGuiTitle.cpp */; };
		44BB4518144C2B3500C44181 /* ofxSimpleGuiToggle.cpp in Sources */ = {isa = PBXBuildFile; fileRef = 44BB4501144C2B3500C44181 /* ofxSimpleGuiToggle.cpp */; };
		44BB4519144C2B3500C44181 /* ofxSimpleGuiConfig.cpp in Sources */ = {isa = PBXBuildFile; fileRef = 44BB4503144C2B3500C44181 /* ofxSimpleGuiConfig.cpp */; };
		44BB451A144C2B3500C44181 /* ofxSimpleGuiControl.cpp in Sources */ = {isa = PBXBuildFile; fileRef = 44BB4505144C2B3500C44181 /* ofxSimpleGuiControl.cpp */; };
		44BB451B144C2B3500C44181 /* ofxSimpleGuiPage.cpp in Sources */ = {isa = PBXBuildFile; fileRef = 44BB4508144C2B3500C44181 /* ofxSimpleGuiPage.cpp */; };
		44BB451C144C2B3500C44181 /* ofxSimpleGuiToo.cpp in Sources */ = {isa = PBXBuildFile; fileRef = 44BB450A144C2B3500C44181 /* ofxSimpleGuiToo.cpp */; };
		44BB451D144C2B3500C44181 /* ofxSimpleGuiValueControl.cpp in Sources */ = {isa = PBXBuildFile; fileRef = 44BB450C144C2B3500C44181 /* ofxSimpleGuiValueControl.cpp */; };
		BBAB23CB13894F3D00AA2426 /* GLUT.framework in CopyFiles */ = {isa = PBXBuildFile; fileRef = BBAB23BE13894E4700AA2426 /* GLUT.framework */; };
		E4328149138ABC9F0047C5CB /* openFrameworksDebug.a in Frameworks */ = {isa = PBXBuildFile; fileRef = E4328148138ABC890047C5CB /* openFrameworksDebug.a */; };
		E45BE97B0E8CC7DD009D7055 /* AGL.framework in Frameworks */ = {isa = PBXBuildFile; fileRef = E45BE9710E8CC7DD009D7055 /* AGL.framework */; };
		E45BE97C0E8CC7DD009D7055 /* ApplicationServices.framework in Frameworks */ = {isa = PBXBuildFile; fileRef = E45BE9720E8CC7DD009D7055 /* ApplicationServices.framework */; };
		E45BE97D0E8CC7DD009D7055 /* AudioToolbox.framework in Frameworks */ = {isa = PBXBuildFile; fileRef = E45BE9730E8CC7DD009D7055 /* AudioToolbox.framework */; };
		E45BE97E0E8CC7DD009D7055 /* Carbon.framework in Frameworks */ = {isa = PBXBuildFile; fileRef = E45BE9740E8CC7DD009D7055 /* Carbon.framework */; };
		E45BE97F0E8CC7DD009D7055 /* CoreAudio.framework in Frameworks */ = {isa = PBXBuildFile; fileRef = E45BE9750E8CC7DD009D7055 /* CoreAudio.framework */; };
		E45BE9800E8CC7DD009D7055 /* CoreFoundation.framework in Frameworks */ = {isa = PBXBuildFile; fileRef = E45BE9760E8CC7DD009D7055 /* CoreFoundation.framework */; };
		E45BE9810E8CC7DD009D7055 /* CoreServices.framework in Frameworks */ = {isa = PBXBuildFile; fileRef = E45BE9770E8CC7DD009D7055 /* CoreServices.framework */; };
		E45BE9830E8CC7DD009D7055 /* OpenGL.framework in Frameworks */ = {isa = PBXBuildFile; fileRef = E45BE9790E8CC7DD009D7055 /* OpenGL.framework */; };
		E45BE9840E8CC7DD009D7055 /* QuickTime.framework in Frameworks */ = {isa = PBXBuildFile; fileRef = E45BE97A0E8CC7DD009D7055 /* QuickTime.framework */; };
		E4B69E200A3A1BDC003C02F2 /* main.cpp in Sources */ = {isa = PBXBuildFile; fileRef = E4B69E1D0A3A1BDC003C02F2 /* main.cpp */; };
		E4B69E210A3A1BDC003C02F2 /* testApp.cpp in Sources */ = {isa = PBXBuildFile; fileRef = E4B69E1E0A3A1BDC003C02F2 /* testApp.cpp */; };
		E4C2424710CC5A17004149E2 /* AppKit.framework in Frameworks */ = {isa = PBXBuildFile; fileRef = E4C2424410CC5A17004149E2 /* AppKit.framework */; };
		E4C2424810CC5A17004149E2 /* Cocoa.framework in Frameworks */ = {isa = PBXBuildFile; fileRef = E4C2424510CC5A17004149E2 /* Cocoa.framework */; };
		E4C2424910CC5A17004149E2 /* IOKit.framework in Frameworks */ = {isa = PBXBuildFile; fileRef = E4C2424610CC5A17004149E2 /* IOKit.framework */; };
		E4EB6799138ADC1D00A09F29 /* GLUT.framework in Frameworks */ = {isa = PBXBuildFile; fileRef = BBAB23BE13894E4700AA2426 /* GLUT.framework */; };
/* End PBXBuildFile section */

/* Begin PBXContainerItemProxy section */
		E4328147138ABC890047C5CB /* PBXContainerItemProxy */ = {
			isa = PBXContainerItemProxy;
			containerPortal = E4328143138ABC890047C5CB /* openFrameworksLib.xcodeproj */;
			proxyType = 2;
			remoteGlobalIDString = E4B27C1510CBEB8E00536013;
			remoteInfo = openFrameworks;
		};
		E4EEB9AB138B136A00A80321 /* PBXContainerItemProxy */ = {
			isa = PBXContainerItemProxy;
			containerPortal = E4328143138ABC890047C5CB /* openFrameworksLib.xcodeproj */;
			proxyType = 1;
			remoteGlobalIDString = E4B27C1410CBEB8E00536013;
			remoteInfo = openFrameworks;
		};
/* End PBXContainerItemProxy section */

/* Begin PBXCopyFilesBuildPhase section */
		E4C2427710CC5ABF004149E2 /* CopyFiles */ = {
			isa = PBXCopyFilesBuildPhase;
			buildActionMask = 2147483647;
			dstPath = "";
			dstSubfolderSpec = 10;
			files = (
				27FD092D1442120500EE9C60 /* DPP.framework in CopyFiles */,
				27FD092E1442120500EE9C60 /* EDSDK.framework in CopyFiles */,
				BBAB23CB13894F3D00AA2426 /* GLUT.framework in CopyFiles */,
			);
			runOnlyForDeploymentPostprocessing = 0;
		};
/* End PBXCopyFilesBuildPhase section */

/* Begin PBXFileReference section */
		27926A3313EA7BE3003F6797 /* DPP.framework */ = {isa = PBXFileReference; lastKnownFileType = wrapper.framework; name = DPP.framework; path = ../../../addons/ofxEdsdk/lib/EDSDK/Framework/DPP.framework; sourceTree = SOURCE_ROOT; };
		27926A3413EA7BE3003F6797 /* EDSDK.framework */ = {isa = PBXFileReference; lastKnownFileType = wrapper.framework; name = EDSDK.framework; path = ../../../addons/ofxEdsdk/lib/EDSDK/Framework/EDSDK.framework; sourceTree = SOURCE_ROOT; };
		27926A3813EA7BE3003F6797 /* EDSDK.h */ = {isa = PBXFileReference; fileEncoding = 4; lastKnownFileType = sourcecode.c.h; name = EDSDK.h; path = ../../../addons/ofxEdsdk/lib/EDSDK/Header/EDSDK.h; sourceTree = SOURCE_ROOT; };
		27926A3913EA7BE3003F6797 /* EDSDKErrors.h */ = {isa = PBXFileReference; fileEncoding = 4; lastKnownFileType = sourcecode.c.h; name = EDSDKErrors.h; path = ../../../addons/ofxEdsdk/lib/EDSDK/Header/EDSDKErrors.h; sourceTree = SOURCE_ROOT; };
		27926A3A13EA7BE3003F6797 /* EDSDKTypes.h */ = {isa = PBXFileReference; fileEncoding = 4; lastKnownFileType = sourcecode.c.h; name = EDSDKTypes.h; path = ../../../addons/ofxEdsdk/lib/EDSDK/Header/EDSDKTypes.h; sourceTree = SOURCE_ROOT; };
		27926A4313EA7BE3003F6797 /* ofxEdsdk.cpp */ = {isa = PBXFileReference; fileEncoding = 4; lastKnownFileType = sourcecode.cpp.cpp; name = ofxEdsdk.cpp; path = ../../../addons/ofxEdsdk/src/ofxEdsdk.cpp; sourceTree = SOURCE_ROOT; };
		27926A4413EA7BE3003F6797 /* ofxEdsdk.h */ = {isa = PBXFileReference; fileEncoding = 4; lastKnownFileType = sourcecode.c.h; name = ofxEdsdk.h; path = ../../../addons/ofxEdsdk/src/ofxEdsdk.h; sourceTree = SOURCE_ROOT; };
		27C3C55C13EC19B7002FA441 /* FixedQueue.h */ = {isa = PBXFileReference; fileEncoding = 4; lastKnownFileType = sourcecode.c.h; path = FixedQueue.h; sourceTree = "<group>"; };
		4413350F14484527009CB1A8 /* RateTimer.h */ = {isa = PBXFileReference; fileEncoding = 4; lastKnownFileType = sourcecode.c.h; path = RateTimer.h; sourceTree = "<group>"; };
		4413351C1448465B009CB1A8 /* EdsExamples.cpp */ = {isa = PBXFileReference; fileEncoding = 4; lastKnownFileType = sourcecode.cpp.cpp; path = EdsExamples.cpp; sourceTree = "<group>"; };
		4413351D1448465B009CB1A8 /* EdsExamples.h */ = {isa = PBXFileReference; fileEncoding = 4; lastKnownFileType = sourcecode.c.h; path = EdsExamples.h; sourceTree = "<group>"; };
		4413351E1448465B009CB1A8 /* EdsException.cpp */ = {isa = PBXFileReference; fileEncoding = 4; lastKnownFileType = sourcecode.cpp.cpp; path = EdsException.cpp; sourceTree = "<group>"; };
		4413351F1448465B009CB1A8 /* EdsException.h */ = {isa = PBXFileReference; fileEncoding = 4; lastKnownFileType = sourcecode.c.h; path = EdsException.h; sourceTree = "<group>"; };
		441335201448465B009CB1A8 /* EdsStrings.cpp */ = {isa = PBXFileReference; fileEncoding = 4; lastKnownFileType = sourcecode.cpp.cpp; path = EdsStrings.cpp; sourceTree = "<group>"; };
		441335211448465B009CB1A8 /* EdsStrings.h */ = {isa = PBXFileReference; fileEncoding = 4; lastKnownFileType = sourcecode.c.h; path = EdsStrings.h; sourceTree = "<group>"; };
		441335221448465B009CB1A8 /* EdsWrapper.cpp */ = {isa = PBXFileReference; fileEncoding = 4; lastKnownFileType = sourcecode.cpp.cpp; path = EdsWrapper.cpp; sourceTree = "<group>"; };
		441335231448465B009CB1A8 /* EdsWrapper.h */ = {isa = PBXFileReference; fileEncoding = 4; lastKnownFileType = sourcecode.c.h; path = EdsWrapper.h; sourceTree = "<group>"; };
		44133577144848BA009CB1A8 /* install.xml */ = {isa = PBXFileReference; fileEncoding = 4; lastKnownFileType = text.xml; path = install.xml; sourceTree = "<group>"; };
		4413357C144848BA009CB1A8 /* IpEndpointName.h */ = {isa = PBXFileReference; fileEncoding = 4; lastKnownFileType = sourcecode.c.h; path = IpEndpointName.h; sourceTree = "<group>"; };
		4413357D144848BA009CB1A8 /* NetworkingUtils.h */ = {isa = PBXFileReference; fileEncoding = 4; lastKnownFileType = sourcecode.c.h; path = NetworkingUtils.h; sourceTree = "<group>"; };
		4413357E144848BA009CB1A8 /* PacketListener.h */ = {isa = PBXFileReference; fileEncoding = 4; lastKnownFileType = sourcecode.c.h; path = PacketListener.h; sourceTree = "<group>"; };
		4413357F144848BA009CB1A8 /* TimerListener.h */ = {isa = PBXFileReference; fileEncoding = 4; lastKnownFileType = sourcecode.c.h; path = TimerListener.h; sourceTree = "<group>"; };
		44133580144848BA009CB1A8 /* UdpSocket.h */ = {isa = PBXFileReference; fileEncoding = 4; lastKnownFileType = sourcecode.c.h; path = UdpSocket.h; sourceTree = "<group>"; };
		44133582144848BA009CB1A8 /* MessageMappingOscPacketListener.h */ = {isa = PBXFileReference; fileEncoding = 4; lastKnownFileType = sourcecode.c.h; path = MessageMappingOscPacketListener.h; sourceTree = "<group>"; };
		44133583144848BA009CB1A8 /* OscException.h */ = {isa = PBXFileReference; fileEncoding = 4; lastKnownFileType = sourcecode.c.h; path = OscException.h; sourceTree = "<group>"; };
		44133584144848BA009CB1A8 /* OscHostEndianness.h */ = {isa = PBXFileReference; fileEncoding = 4; lastKnownFileType = sourcecode.c.h; path = OscHostEndianness.h; sourceTree = "<group>"; };
		44133585144848BA009CB1A8 /* OscOutboundPacketStream.h */ = {isa = PBXFileReference; fileEncoding = 4; lastKnownFileType = sourcecode.c.h; path = OscOutboundPacketStream.h; sourceTree = "<group>"; };
		44133586144848BA009CB1A8 /* OscPacketListener.h */ = {isa = PBXFileReference; fileEncoding = 4; lastKnownFileType = sourcecode.c.h; path = OscPacketListener.h; sourceTree = "<group>"; };
		44133587144848BA009CB1A8 /* OscPrintReceivedElements.h */ = {isa = PBXFileReference; fileEncoding = 4; lastKnownFileType = sourcecode.c.h; path = OscPrintReceivedElements.h; sourceTree = "<group>"; };
		44133588144848BA009CB1A8 /* OscReceivedElements.h */ = {isa = PBXFileReference; fileEncoding = 4; lastKnownFileType = sourcecode.c.h; path = OscReceivedElements.h; sourceTree = "<group>"; };
		44133589144848BA009CB1A8 /* OscTypes.h */ = {isa = PBXFileReference; fileEncoding = 4; lastKnownFileType = sourcecode.c.h; path = OscTypes.h; sourceTree = "<group>"; };
		4413358C144848BA009CB1A8 /* osc.a */ = {isa = PBXFileReference; lastKnownFileType = archive.ar; path = osc.a; sourceTree = "<group>"; };
		4413358E144848BA009CB1A8 /* ofxOsc.h */ = {isa = PBXFileReference; fileEncoding = 4; lastKnownFileType = sourcecode.c.h; path = ofxOsc.h; sourceTree = "<group>"; };
		4413358F144848BA009CB1A8 /* ofxOscArg.h */ = {isa = PBXFileReference; fileEncoding = 4; lastKnownFileType = sourcecode.c.h; path = ofxOscArg.h; sourceTree = "<group>"; };
		44133590144848BA009CB1A8 /* ofxOscBundle.cpp */ = {isa = PBXFileReference; fileEncoding = 4; lastKnownFileType = sourcecode.cpp.cpp; path = ofxOscBundle.cpp; sourceTree = "<group>"; };
		44133591144848BA009CB1A8 /* ofxOscBundle.h */ = {isa = PBXFileReference; fileEncoding = 4; lastKnownFileType = sourcecode.c.h; path = ofxOscBundle.h; sourceTree = "<group>"; };
		44133592144848BA009CB1A8 /* ofxOscMessage.cpp */ = {isa = PBXFileReference; fileEncoding = 4; lastKnownFileType = sourcecode.cpp.cpp; path = ofxOscMessage.cpp; sourceTree = "<group>"; };
		44133593144848BA009CB1A8 /* ofxOscMessage.h */ = {isa = PBXFileReference; fileEncoding = 4; lastKnownFileType = sourcecode.c.h; path = ofxOscMessage.h; sourceTree = "<group>"; };
		44133594144848BA009CB1A8 /* ofxOscReceiver.cpp */ = {isa = PBXFileReference; fileEncoding = 4; lastKnownFileType = sourcecode.cpp.cpp; path = ofxOscReceiver.cpp; sourceTree = "<group>"; };
		44133595144848BA009CB1A8 /* ofxOscReceiver.h */ = {isa = PBXFileReference; fileEncoding = 4; lastKnownFileType = sourcecode.c.h; path = ofxOscReceiver.h; sourceTree = "<group>"; };
		44133596144848BA009CB1A8 /* ofxOscSender.cpp */ = {isa = PBXFileReference; fileEncoding = 4; lastKnownFileType = sourcecode.cpp.cpp; path = ofxOscSender.cpp; sourceTree = "<group>"; };
		44133597144848BA009CB1A8 /* ofxOscSender.h */ = {isa = PBXFileReference; fileEncoding = 4; lastKnownFileType = sourcecode.c.h; path = ofxOscSender.h; sourceTree = "<group>"; };
		4413359E144848CC009CB1A8 /* face.h */ = {isa = PBXFileReference; fileEncoding = 4; lastKnownFileType = sourcecode.c.h; path = face.h; sourceTree = "<group>"; };
		4413359F144848CC009CB1A8 /* face.cpp */ = {isa = PBXFileReference; fileEncoding = 4; lastKnownFileType = sourcecode.cpp.cpp; path = face.cpp; sourceTree = "<group>"; };
		441335A214484911009CB1A8 /* install.xml */ = {isa = PBXFileReference; fileEncoding = 4; lastKnownFileType = text.xml; path = install.xml; sourceTree = "<group>"; };
		441335A414484911009CB1A8 /* tinyxml.cpp */ = {isa = PBXFileReference; fileEncoding = 4; lastKnownFileType = sourcecode.cpp.cpp; path = tinyxml.cpp; sourceTree = "<group>"; };
		441335A514484911009CB1A8 /* tinyxml.h */ = {isa = PBXFileReference; fileEncoding = 4; lastKnownFileType = sourcecode.c.h; path = tinyxml.h; sourceTree = "<group>"; };
		441335A614484911009CB1A8 /* tinyxmlerror.cpp */ = {isa = PBXFileReference; fileEncoding = 4; lastKnownFileType = sourcecode.cpp.cpp; path = tinyxmlerror.cpp; sourceTree = "<group>"; };
		441335A714484911009CB1A8 /* tinyxmlparser.cpp */ = {isa = PBXFileReference; fileEncoding = 4; lastKnownFileType = sourcecode.cpp.cpp; path = tinyxmlparser.cpp; sourceTree = "<group>"; };
		441335A914484911009CB1A8 /* ofxXmlSettings.cpp */ = {isa = PBXFileReference; fileEncoding = 4; lastKnownFileType = sourcecode.cpp.cpp; path = ofxXmlSettings.cpp; sourceTree = "<group>"; };
		441335AA14484911009CB1A8 /* ofxXmlSettings.h */ = {isa = PBXFileReference; fileEncoding = 4; lastKnownFileType = sourcecode.c.h; path = ofxXmlSettings.h; sourceTree = "<group>"; };
		44BB44E7144C2B3500C44181 /* ofxMSAInteractiveObject.cpp */ = {isa = PBXFileReference; fileEncoding = 4; lastKnownFileType = sourcecode.cpp.cpp; path = ofxMSAInteractiveObject.cpp; sourceTree = "<group>"; };
		44BB44E8144C2B3500C44181 /* ofxMSAInteractiveObject.h */ = {isa = PBXFileReference; fileEncoding = 4; lastKnownFileType = sourcecode.c.h; path = ofxMSAInteractiveObject.h; sourceTree = "<group>"; };
		44BB44EC144C2B3500C44181 /* ofxSimpleGuiButton.cpp */ = {isa = PBXFileReference; fileEncoding = 4; lastKnownFileType = sourcecode.cpp.cpp; path = ofxSimpleGuiButton.cpp; sourceTree = "<group>"; };
		44BB44ED144C2B3500C44181 /* ofxSimpleGuiButton.h */ = {isa = PBXFileReference; fileEncoding = 4; lastKnownFileType = sourcecode.c.h; path = ofxSimpleGuiButton.h; sourceTree = "<group>"; };
		44BB44EE144C2B3500C44181 /* ofxSimpleGuiColorPicker.cpp */ = {isa = PBXFileReference; fileEncoding = 4; lastKnownFileType = sourcecode.cpp.cpp; path = ofxSimpleGuiColorPicker.cpp; sourceTree = "<group>"; };
		44BB44EF144C2B3500C44181 /* ofxSimpleGuiColorPicker.h */ = {isa = PBXFileReference; fileEncoding = 4; lastKnownFileType = sourcecode.c.h; path = ofxSimpleGuiColorPicker.h; sourceTree = "<group>"; };
		44BB44F0144C2B3500C44181 /* ofxSimpleGuiComboBox.cpp */ = {isa = PBXFileReference; fileEncoding = 4; lastKnownFileType = sourcecode.cpp.cpp; path = ofxSimpleGuiComboBox.cpp; sourceTree = "<group>"; };
		44BB44F1144C2B3500C44181 /* ofxSimpleGuiComboBox.h */ = {isa = PBXFileReference; fileEncoding = 4; lastKnownFileType = sourcecode.c.h; path = ofxSimpleGuiComboBox.h; sourceTree = "<group>"; };
		44BB44F2144C2B3500C44181 /* ofxSimpleGuiContent.cpp */ = {isa = PBXFileReference; fileEncoding = 4; lastKnownFileType = sourcecode.cpp.cpp; path = ofxSimpleGuiContent.cpp; sourceTree = "<group>"; };
		44BB44F3144C2B3500C44181 /* ofxSimpleGuiContent.h */ = {isa = PBXFileReference; fileEncoding = 4; lastKnownFileType = sourcecode.c.h; path = ofxSimpleGuiContent.h; sourceTree = "<group>"; };
		44BB44F4144C2B3500C44181 /* ofxSimpleGuiFPSCounter.cpp */ = {isa = PBXFileReference; fileEncoding = 4; lastKnownFileType = sourcecode.cpp.cpp; path = ofxSimpleGuiFPSCounter.cpp; sourceTree = "<group>"; };
		44BB44F5144C2B3500C44181 /* ofxSimpleGuiFPSCounter.h */ = {isa = PBXFileReference; fileEncoding = 4; lastKnownFileType = sourcecode.c.h; path = ofxSimpleGuiFPSCounter.h; sourceTree = "<group>"; };
		44BB44F6144C2B3500C44181 /* ofxSimpleGuiMovieSlider.cpp */ = {isa = PBXFileReference; fileEncoding = 4; lastKnownFileType = sourcecode.cpp.cpp; path = ofxSimpleGuiMovieSlider.cpp; sourceTree = "<group>"; };
		44BB44F7144C2B3500C44181 /* ofxSimpleGuiMovieSlider.h */ = {isa = PBXFileReference; fileEncoding = 4; lastKnownFileType = sourcecode.c.h; path = ofxSimpleGuiMovieSlider.h; sourceTree = "<group>"; };
		44BB44F8144C2B3500C44181 /* ofxSimpleGuiQuadWarp.cpp */ = {isa = PBXFileReference; fileEncoding = 4; lastKnownFileType = sourcecode.cpp.cpp; path = ofxSimpleGuiQuadWarp.cpp; sourceTree = "<group>"; };
		44BB44F9144C2B3500C44181 /* ofxSimpleGuiQuadWarp.h */ = {isa = PBXFileReference; fileEncoding = 4; lastKnownFileType = sourcecode.c.h; path = ofxSimpleGuiQuadWarp.h; sourceTree = "<group>"; };
		44BB44FA144C2B3500C44181 /* ofxSimpleGuiSlider2d.cpp */ = {isa = PBXFileReference; fileEncoding = 4; lastKnownFileType = sourcecode.cpp.cpp; path = ofxSimpleGuiSlider2d.cpp; sourceTree = "<group>"; };
		44BB44FB144C2B3500C44181 /* ofxSimpleGuiSlider2d.h */ = {isa = PBXFileReference; fileEncoding = 4; lastKnownFileType = sourcecode.c.h; path = ofxSimpleGuiSlider2d.h; sourceTree = "<group>"; };
		44BB44FC144C2B3500C44181 /* ofxSimpleGuiSliderBase.h */ = {isa = PBXFileReference; fileEncoding = 4; lastKnownFileType = sourcecode.c.h; path = ofxSimpleGuiSliderBase.h; sourceTree = "<group>"; };
		44BB44FD144C2B3500C44181 /* ofxSimpleGuiSliderFloat.h */ = {isa = PBXFileReference; fileEncoding = 4; lastKnownFileType = sourcecode.c.h; path = ofxSimpleGuiSliderFloat.h; sourceTree = "<group>"; };
		44BB44FE144C2B3500C44181 /* ofxSimpleGuiSliderInt.h */ = {isa = PBXFileReference; fileEncoding = 4; lastKnownFileType = sourcecode.c.h; path = ofxSimpleGuiSliderInt.h; sourceTree = "<group>"; };
		44BB44FF144C2B3500C44181 /* ofxSimpleGuiTitle.cpp */ = {isa = PBXFileReference; fileEncoding = 4; lastKnownFileType = sourcecode.cpp.cpp; path = ofxSimpleGuiTitle.cpp; sourceTree = "<group>"; };
		44BB4500144C2B3500C44181 /* ofxSimpleGuiTitle.h */ = {isa = PBXFileReference; fileEncoding = 4; lastKnownFileType = sourcecode.c.h; path = ofxSimpleGuiTitle.h; sourceTree = "<group>"; };
		44BB4501144C2B3500C44181 /* ofxSimpleGuiToggle.cpp */ = {isa = PBXFileReference; fileEncoding = 4; lastKnownFileType = sourcecode.cpp.cpp; path = ofxSimpleGuiToggle.cpp; sourceTree = "<group>"; };
		44BB4502144C2B3500C44181 /* ofxSimpleGuiToggle.h */ = {isa = PBXFileReference; fileEncoding = 4; lastKnownFileType = sourcecode.c.h; path = ofxSimpleGuiToggle.h; sourceTree = "<group>"; };
		44BB4503144C2B3500C44181 /* ofxSimpleGuiConfig.cpp */ = {isa = PBXFileReference; fileEncoding = 4; lastKnownFileType = sourcecode.cpp.cpp; path = ofxSimpleGuiConfig.cpp; sourceTree = "<group>"; };
		44BB4504144C2B3500C44181 /* ofxSimpleGuiConfig.h */ = {isa = PBXFileReference; fileEncoding = 4; lastKnownFileType = sourcecode.c.h; path = ofxSimpleGuiConfig.h; sourceTree = "<group>"; };
		44BB4505144C2B3500C44181 /* ofxSimpleGuiControl.cpp */ = {isa = PBXFileReference; fileEncoding = 4; lastKnownFileType = sourcecode.cpp.cpp; path = ofxSimpleGuiControl.cpp; sourceTree = "<group>"; };
		44BB4506144C2B3500C44181 /* ofxSimpleGuiControl.h */ = {isa = PBXFileReference; fileEncoding = 4; lastKnownFileType = sourcecode.c.h; path = ofxSimpleGuiControl.h; sourceTree = "<group>"; };
		44BB4507144C2B3500C44181 /* ofxSimpleGuiIncludes.h */ = {isa = PBXFileReference; fileEncoding = 4; lastKnownFileType = sourcecode.c.h; path = ofxSimpleGuiIncludes.h; sourceTree = "<group>"; };
		44BB4508144C2B3500C44181 /* ofxSimpleGuiPage.cpp */ = {isa = PBXFileReference; fileEncoding = 4; lastKnownFileType = sourcecode.cpp.cpp; path = ofxSimpleGuiPage.cpp; sourceTree = "<group>"; };
		44BB4509144C2B3500C44181 /* ofxSimpleGuiPage.h */ = {isa = PBXFileReference; fileEncoding = 4; lastKnownFileType = sourcecode.c.h; path = ofxSimpleGuiPage.h; sourceTree = "<group>"; };
		44BB450A144C2B3500C44181 /* ofxSimpleGuiToo.cpp */ = {isa = PBXFileReference; fileEncoding = 4; lastKnownFileType = sourcecode.cpp.cpp; path = ofxSimpleGuiToo.cpp; sourceTree = "<group>"; };
		44BB450B144C2B3500C44181 /* ofxSimpleGuiToo.h */ = {isa = PBXFileReference; fileEncoding = 4; lastKnownFileType = sourcecode.c.h; path = ofxSimpleGuiToo.h; sourceTree = "<group>"; };
		44BB450C144C2B3500C44181 /* ofxSimpleGuiValueControl.cpp */ = {isa = PBXFileReference; fileEncoding = 4; lastKnownFileType = sourcecode.cpp.cpp; path = ofxSimpleGuiValueControl.cpp; sourceTree = "<group>"; };
		44BB450D144C2B3500C44181 /* ofxSimpleGuiValueControl.h */ = {isa = PBXFileReference; fileEncoding = 4; lastKnownFileType = sourcecode.c.h; path = ofxSimpleGuiValueControl.h; sourceTree = "<group>"; };
		BBAB23BE13894E4700AA2426 /* GLUT.framework */ = {isa = PBXFileReference; lastKnownFileType = wrapper.framework; name = GLUT.framework; path = ../../../libs/glut/lib/osx/GLUT.framework; sourceTree = "<group>"; };
		E4328143138ABC890047C5CB /* openFrameworksLib.xcodeproj */ = {isa = PBXFileReference; lastKnownFileType = "wrapper.pb-project"; name = openFrameworksLib.xcodeproj; path = ../../../libs/openFrameworksCompiled/project/osx/openFrameworksLib.xcodeproj; sourceTree = SOURCE_ROOT; };
		E45BE9710E8CC7DD009D7055 /* AGL.framework */ = {isa = PBXFileReference; lastKnownFileType = wrapper.framework; name = AGL.framework; path = /System/Library/Frameworks/AGL.framework; sourceTree = "<absolute>"; };
		E45BE9720E8CC7DD009D7055 /* ApplicationServices.framework */ = {isa = PBXFileReference; lastKnownFileType = wrapper.framework; name = ApplicationServices.framework; path = /System/Library/Frameworks/ApplicationServices.framework; sourceTree = "<absolute>"; };
		E45BE9730E8CC7DD009D7055 /* AudioToolbox.framework */ = {isa = PBXFileReference; lastKnownFileType = wrapper.framework; name = AudioToolbox.framework; path = /System/Library/Frameworks/AudioToolbox.framework; sourceTree = "<absolute>"; };
		E45BE9740E8CC7DD009D7055 /* Carbon.framework */ = {isa = PBXFileReference; lastKnownFileType = wrapper.framework; name = Carbon.framework; path = /System/Library/Frameworks/Carbon.framework; sourceTree = "<absolute>"; };
		E45BE9750E8CC7DD009D7055 /* CoreAudio.framework */ = {isa = PBXFileReference; lastKnownFileType = wrapper.framework; name = CoreAudio.framework; path = /System/Library/Frameworks/CoreAudio.framework; sourceTree = "<absolute>"; };
		E45BE9760E8CC7DD009D7055 /* CoreFoundation.framework */ = {isa = PBXFileReference; lastKnownFileType = wrapper.framework; name = CoreFoundation.framework; path = /System/Library/Frameworks/CoreFoundation.framework; sourceTree = "<absolute>"; };
		E45BE9770E8CC7DD009D7055 /* CoreServices.framework */ = {isa = PBXFileReference; lastKnownFileType = wrapper.framework; name = CoreServices.framework; path = /System/Library/Frameworks/CoreServices.framework; sourceTree = "<absolute>"; };
		E45BE9790E8CC7DD009D7055 /* OpenGL.framework */ = {isa = PBXFileReference; lastKnownFileType = wrapper.framework; name = OpenGL.framework; path = /System/Library/Frameworks/OpenGL.framework; sourceTree = "<absolute>"; };
		E45BE97A0E8CC7DD009D7055 /* QuickTime.framework */ = {isa = PBXFileReference; lastKnownFileType = wrapper.framework; name = QuickTime.framework; path = /System/Library/Frameworks/QuickTime.framework; sourceTree = "<absolute>"; };
		E4B69B5B0A3A1756003C02F2 /* ofxEdsdkExampleDebug.app */ = {isa = PBXFileReference; explicitFileType = wrapper.application; includeInIndex = 0; path = ofxEdsdkExampleDebug.app; sourceTree = BUILT_PRODUCTS_DIR; };
		E4B69E1D0A3A1BDC003C02F2 /* main.cpp */ = {isa = PBXFileReference; fileEncoding = 30; lastKnownFileType = sourcecode.cpp.cpp; name = main.cpp; path = src/main.cpp; sourceTree = SOURCE_ROOT; };
		E4B69E1E0A3A1BDC003C02F2 /* testApp.cpp */ = {isa = PBXFileReference; explicitFileType = sourcecode.cpp.cpp; fileEncoding = 30; name = testApp.cpp; path = src/testApp.cpp; sourceTree = SOURCE_ROOT; };
		E4B69E1F0A3A1BDC003C02F2 /* testApp.h */ = {isa = PBXFileReference; fileEncoding = 30; lastKnownFileType = sourcecode.c.h; name = testApp.h; path = src/testApp.h; sourceTree = SOURCE_ROOT; };
		E4B6FCAD0C3E899E008CF71C /* openFrameworks-Info.plist */ = {isa = PBXFileReference; fileEncoding = 30; lastKnownFileType = text.plist.xml; path = "openFrameworks-Info.plist"; sourceTree = "<group>"; };
		E4C2424410CC5A17004149E2 /* AppKit.framework */ = {isa = PBXFileReference; lastKnownFileType = wrapper.framework; name = AppKit.framework; path = /System/Library/Frameworks/AppKit.framework; sourceTree = "<absolute>"; };
		E4C2424510CC5A17004149E2 /* Cocoa.framework */ = {isa = PBXFileReference; lastKnownFileType = wrapper.framework; name = Cocoa.framework; path = /System/Library/Frameworks/Cocoa.framework; sourceTree = "<absolute>"; };
		E4C2424610CC5A17004149E2 /* IOKit.framework */ = {isa = PBXFileReference; lastKnownFileType = wrapper.framework; name = IOKit.framework; path = /System/Library/Frameworks/IOKit.framework; sourceTree = "<absolute>"; };
		E4EB691F138AFCF100A09F29 /* CoreOF.xcconfig */ = {isa = PBXFileReference; fileEncoding = 4; lastKnownFileType = text.xcconfig; name = CoreOF.xcconfig; path = ../../../libs/openFrameworksCompiled/project/osx/CoreOF.xcconfig; sourceTree = SOURCE_ROOT; };
		E4EB6923138AFD0F00A09F29 /* Project.xcconfig */ = {isa = PBXFileReference; fileEncoding = 4; lastKnownFileType = text.xcconfig; path = Project.xcconfig; sourceTree = "<group>"; };
/* End PBXFileReference section */

/* Begin PBXFrameworksBuildPhase section */
		E4B69B590A3A1756003C02F2 /* Frameworks */ = {
			isa = PBXFrameworksBuildPhase;
			buildActionMask = 2147483647;
			files = (
				E4EB6799138ADC1D00A09F29 /* GLUT.framework in Frameworks */,
				E4328149138ABC9F0047C5CB /* openFrameworksDebug.a in Frameworks */,
				E45BE97B0E8CC7DD009D7055 /* AGL.framework in Frameworks */,
				E45BE97C0E8CC7DD009D7055 /* ApplicationServices.framework in Frameworks */,
				E45BE97D0E8CC7DD009D7055 /* AudioToolbox.framework in Frameworks */,
				E45BE97E0E8CC7DD009D7055 /* Carbon.framework in Frameworks */,
				E45BE97F0E8CC7DD009D7055 /* CoreAudio.framework in Frameworks */,
				E45BE9800E8CC7DD009D7055 /* CoreFoundation.framework in Frameworks */,
				E45BE9810E8CC7DD009D7055 /* CoreServices.framework in Frameworks */,
				E45BE9830E8CC7DD009D7055 /* OpenGL.framework in Frameworks */,
				E45BE9840E8CC7DD009D7055 /* QuickTime.framework in Frameworks */,
				E4C2424710CC5A17004149E2 /* AppKit.framework in Frameworks */,
				E4C2424810CC5A17004149E2 /* Cocoa.framework in Frameworks */,
				E4C2424910CC5A17004149E2 /* IOKit.framework in Frameworks */,
				27926A4513EA7BE3003F6797 /* DPP.framework in Frameworks */,
				27926A4613EA7BE3003F6797 /* EDSDK.framework in Frameworks */,
				44133598144848BA009CB1A8 /* osc.a in Frameworks */,
			);
			runOnlyForDeploymentPostprocessing = 0;
		};
/* End PBXFrameworksBuildPhase section */

/* Begin PBXGroup section */
		2792695013EA7BE3003F6797 /* ofxEdsdk */ = {
			isa = PBXGroup;
			children = (
				27926A2F13EA7BE3003F6797 /* lib */,
				27926A3C13EA7BE3003F6797 /* src */,
			);
			name = ofxEdsdk;
			path = ../../../addons/ofxEdsdk;
			sourceTree = SOURCE_ROOT;
		};
		27926A2F13EA7BE3003F6797 /* lib */ = {
			isa = PBXGroup;
			children = (
				27926A3013EA7BE3003F6797 /* EDSDK */,
			);
			name = lib;
			path = ../../../addons/ofxEdsdk/lib;
			sourceTree = SOURCE_ROOT;
		};
		27926A3013EA7BE3003F6797 /* EDSDK */ = {
			isa = PBXGroup;
			children = (
				27926A3113EA7BE3003F6797 /* Framework */,
				27926A3613EA7BE3003F6797 /* Header */,
			);
			name = EDSDK;
			path = ../../../addons/ofxEdsdk/lib/EDSDK;
			sourceTree = SOURCE_ROOT;
		};
		27926A3113EA7BE3003F6797 /* Framework */ = {
			isa = PBXGroup;
			children = (
				27926A3313EA7BE3003F6797 /* DPP.framework */,
				27926A3413EA7BE3003F6797 /* EDSDK.framework */,
			);
			name = Framework;
			path = ../../../addons/ofxEdsdk/lib/EDSDK/Framework;
			sourceTree = SOURCE_ROOT;
		};
		27926A3613EA7BE3003F6797 /* Header */ = {
			isa = PBXGroup;
			children = (
				27926A3813EA7BE3003F6797 /* EDSDK.h */,
				27926A3913EA7BE3003F6797 /* EDSDKErrors.h */,
				27926A3A13EA7BE3003F6797 /* EDSDKTypes.h */,
			);
			name = Header;
			path = ../../../addons/ofxEdsdk/lib/EDSDK/Header;
			sourceTree = SOURCE_ROOT;
		};
		27926A3C13EA7BE3003F6797 /* src */ = {
			isa = PBXGroup;
			children = (
				4413351B1448465B009CB1A8 /* EdsWrapper */,
				4413350F14484527009CB1A8 /* RateTimer.h */,
				27926A4313EA7BE3003F6797 /* ofxEdsdk.cpp */,
				27926A4413EA7BE3003F6797 /* ofxEdsdk.h */,
				27C3C55C13EC19B7002FA441 /* FixedQueue.h */,
			);
			name = src;
			path = ../../../addons/ofxEdsdk/src;
			sourceTree = SOURCE_ROOT;
		};
		4413351B1448465B009CB1A8 /* EdsWrapper */ = {
			isa = PBXGroup;
			children = (
				4413351C1448465B009CB1A8 /* EdsExamples.cpp */,
				4413351D1448465B009CB1A8 /* EdsExamples.h */,
				4413351E1448465B009CB1A8 /* EdsException.cpp */,
				4413351F1448465B009CB1A8 /* EdsException.h */,
				441335201448465B009CB1A8 /* EdsStrings.cpp */,
				441335211448465B009CB1A8 /* EdsStrings.h */,
				441335221448465B009CB1A8 /* EdsWrapper.cpp */,
				441335231448465B009CB1A8 /* EdsWrapper.h */,
			);
			path = EdsWrapper;
			sourceTree = "<group>";
		};
		44133576144848BA009CB1A8 /* ofxOsc */ = {
			isa = PBXGroup;
			children = (
				44133577144848BA009CB1A8 /* install.xml */,
				44133578144848BA009CB1A8 /* libs */,
				4413358D144848BA009CB1A8 /* src */,
			);
			name = ofxOsc;
			path = ../../../addons/ofxOsc;
			sourceTree = "<group>";
		};
		44133578144848BA009CB1A8 /* libs */ = {
			isa = PBXGroup;
			children = (
				44133579144848BA009CB1A8 /* oscpack */,
			);
			path = libs;
			sourceTree = "<group>";
		};
		44133579144848BA009CB1A8 /* oscpack */ = {
			isa = PBXGroup;
			children = (
				4413357A144848BA009CB1A8 /* include */,
				4413358A144848BA009CB1A8 /* lib */,
			);
			path = oscpack;
			sourceTree = "<group>";
		};
		4413357A144848BA009CB1A8 /* include */ = {
			isa = PBXGroup;
			children = (
				4413357B144848BA009CB1A8 /* ip */,
				44133581144848BA009CB1A8 /* osc */,
			);
			path = include;
			sourceTree = "<group>";
		};
		4413357B144848BA009CB1A8 /* ip */ = {
			isa = PBXGroup;
			children = (
				4413357C144848BA009CB1A8 /* IpEndpointName.h */,
				4413357D144848BA009CB1A8 /* NetworkingUtils.h */,
				4413357E144848BA009CB1A8 /* PacketListener.h */,
				4413357F144848BA009CB1A8 /* TimerListener.h */,
				44133580144848BA009CB1A8 /* UdpSocket.h */,
			);
			path = ip;
			sourceTree = "<group>";
		};
		44133581144848BA009CB1A8 /* osc */ = {
			isa = PBXGroup;
			children = (
				44133582144848BA009CB1A8 /* MessageMappingOscPacketListener.h */,
				44133583144848BA009CB1A8 /* OscException.h */,
				44133584144848BA009CB1A8 /* OscHostEndianness.h */,
				44133585144848BA009CB1A8 /* OscOutboundPacketStream.h */,
				44133586144848BA009CB1A8 /* OscPacketListener.h */,
				44133587144848BA009CB1A8 /* OscPrintReceivedElements.h */,
				44133588144848BA009CB1A8 /* OscReceivedElements.h */,
				44133589144848BA009CB1A8 /* OscTypes.h */,
			);
			path = osc;
			sourceTree = "<group>";
		};
		4413358A144848BA009CB1A8 /* lib */ = {
			isa = PBXGroup;
			children = (
				4413358B144848BA009CB1A8 /* osx */,
			);
			path = lib;
			sourceTree = "<group>";
		};
		4413358B144848BA009CB1A8 /* osx */ = {
			isa = PBXGroup;
			children = (
				4413358C144848BA009CB1A8 /* osc.a */,
			);
			path = osx;
			sourceTree = "<group>";
		};
		4413358D144848BA009CB1A8 /* src */ = {
			isa = PBXGroup;
			children = (
				4413358E144848BA009CB1A8 /* ofxOsc.h */,
				4413358F144848BA009CB1A8 /* ofxOscArg.h */,
				44133590144848BA009CB1A8 /* ofxOscBundle.cpp */,
				44133591144848BA009CB1A8 /* ofxOscBundle.h */,
				44133592144848BA009CB1A8 /* ofxOscMessage.cpp */,
				44133593144848BA009CB1A8 /* ofxOscMessage.h */,
				44133594144848BA009CB1A8 /* ofxOscReceiver.cpp */,
				44133595144848BA009CB1A8 /* ofxOscReceiver.h */,
				44133596144848BA009CB1A8 /* ofxOscSender.cpp */,
				44133597144848BA009CB1A8 /* ofxOscSender.h */,
			);
			path = src;
			sourceTree = "<group>";
		};
		441335A114484911009CB1A8 /* ofxXmlSettings */ = {
			isa = PBXGroup;
			children = (
				441335A214484911009CB1A8 /* install.xml */,
				441335A314484911009CB1A8 /* libs */,
				441335A814484911009CB1A8 /* src */,
			);
			name = ofxXmlSettings;
			path = ../../../addons/ofxXmlSettings;
			sourceTree = "<group>";
		};
		441335A314484911009CB1A8 /* libs */ = {
			isa = PBXGroup;
			children = (
				441335A414484911009CB1A8 /* tinyxml.cpp */,
				441335A514484911009CB1A8 /* tinyxml.h */,
				441335A614484911009CB1A8 /* tinyxmlerror.cpp */,
				441335A714484911009CB1A8 /* tinyxmlparser.cpp */,
			);
			path = libs;
			sourceTree = "<group>";
		};
		441335A814484911009CB1A8 /* src */ = {
			isa = PBXGroup;
			children = (
				441335A914484911009CB1A8 /* ofxXmlSettings.cpp */,
				441335AA14484911009CB1A8 /* ofxXmlSettings.h */,
			);
			path = src;
			sourceTree = "<group>";
		};
		44BB44E5144C2B3500C44181 /* ofxMSAInteractiveObject */ = {
			isa = PBXGroup;
			children = (
				44BB44E6144C2B3500C44181 /* src */,
			);
			name = ofxMSAInteractiveObject;
			path = ../../../addons/ofxMSAInteractiveObject;
			sourceTree = "<group>";
		};
		44BB44E6144C2B3500C44181 /* src */ = {
			isa = PBXGroup;
			children = (
				44BB44E7144C2B3500C44181 /* ofxMSAInteractiveObject.cpp */,
				44BB44E8144C2B3500C44181 /* ofxMSAInteractiveObject.h */,
			);
			path = src;
			sourceTree = "<group>";
		};
		44BB44E9144C2B3500C44181 /* ofxSimpleGuiToo */ = {
			isa = PBXGroup;
			children = (
				44BB44EA144C2B3500C44181 /* src */,
			);
			name = ofxSimpleGuiToo;
			path = ../../../addons/ofxSimpleGuiToo;
			sourceTree = "<group>";
		};
		44BB44EA144C2B3500C44181 /* src */ = {
			isa = PBXGroup;
			children = (
				44BB44EB144C2B3500C44181 /* Controls */,
				44BB4503144C2B3500C44181 /* ofxSimpleGuiConfig.cpp */,
				44BB4504144C2B3500C44181 /* ofxSimpleGuiConfig.h */,
				44BB4505144C2B3500C44181 /* ofxSimpleGuiControl.cpp */,
				44BB4506144C2B3500C44181 /* ofxSimpleGuiControl.h */,
				44BB4507144C2B3500C44181 /* ofxSimpleGuiIncludes.h */,
				44BB4508144C2B3500C44181 /* ofxSimpleGuiPage.cpp */,
				44BB4509144C2B3500C44181 /* ofxSimpleGuiPage.h */,
				44BB450A144C2B3500C44181 /* ofxSimpleGuiToo.cpp */,
				44BB450B144C2B3500C44181 /* ofxSimpleGuiToo.h */,
				44BB450C144C2B3500C44181 /* ofxSimpleGuiValueControl.cpp */,
				44BB450D144C2B3500C44181 /* ofxSimpleGuiValueControl.h */,
			);
			path = src;
			sourceTree = "<group>";
		};
		44BB44EB144C2B3500C44181 /* Controls */ = {
			isa = PBXGroup;
			children = (
				44BB44EC144C2B3500C44181 /* ofxSimpleGuiButton.cpp */,
				44BB44ED144C2B3500C44181 /* ofxSimpleGuiButton.h */,
				44BB44EE144C2B3500C44181 /* ofxSimpleGuiColorPicker.cpp */,
				44BB44EF144C2B3500C44181 /* ofxSimpleGuiColorPicker.h */,
				44BB44F0144C2B3500C44181 /* ofxSimpleGuiComboBox.cpp */,
				44BB44F1144C2B3500C44181 /* ofxSimpleGuiComboBox.h */,
				44BB44F2144C2B3500C44181 /* ofxSimpleGuiContent.cpp */,
				44BB44F3144C2B3500C44181 /* ofxSimpleGuiContent.h */,
				44BB44F4144C2B3500C44181 /* ofxSimpleGuiFPSCounter.cpp */,
				44BB44F5144C2B3500C44181 /* ofxSimpleGuiFPSCounter.h */,
				44BB44F6144C2B3500C44181 /* ofxSimpleGuiMovieSlider.cpp */,
				44BB44F7144C2B3500C44181 /* ofxSimpleGuiMovieSlider.h */,
				44BB44F8144C2B3500C44181 /* ofxSimpleGuiQuadWarp.cpp */,
				44BB44F9144C2B3500C44181 /* ofxSimpleGuiQuadWarp.h */,
				44BB44FA144C2B3500C44181 /* ofxSimpleGuiSlider2d.cpp */,
				44BB44FB144C2B3500C44181 /* ofxSimpleGuiSlider2d.h */,
				44BB44FC144C2B3500C44181 /* ofxSimpleGuiSliderBase.h */,
				44BB44FD144C2B3500C44181 /* ofxSimpleGuiSliderFloat.h */,
				44BB44FE144C2B3500C44181 /* ofxSimpleGuiSliderInt.h */,
				44BB44FF144C2B3500C44181 /* ofxSimpleGuiTitle.cpp */,
				44BB4500144C2B3500C44181 /* ofxSimpleGuiTitle.h */,
				44BB4501144C2B3500C44181 /* ofxSimpleGuiToggle.cpp */,
				44BB4502144C2B3500C44181 /* ofxSimpleGuiToggle.h */,
			);
			path = Controls;
			sourceTree = "<group>";
		};
		BB4B014C10F69532006C3DED /* addons */ = {
			isa = PBXGroup;
			children = (
				44BB44E5144C2B3500C44181 /* ofxMSAInteractiveObject */,
				44BB44E9144C2B3500C44181 /* ofxSimpleGuiToo */,
				441335A114484911009CB1A8 /* ofxXmlSettings */,
				44133576144848BA009CB1A8 /* ofxOsc */,
				2792695013EA7BE3003F6797 /* ofxEdsdk */,
			);
			name = addons;
			sourceTree = "<group>";
		};
		BBAB23C913894ECA00AA2426 /* system frameworks */ = {
			isa = PBXGroup;
			children = (
				E4C2424410CC5A17004149E2 /* AppKit.framework */,
				E4C2424510CC5A17004149E2 /* Cocoa.framework */,
				E4C2424610CC5A17004149E2 /* IOKit.framework */,
				E45BE9710E8CC7DD009D7055 /* AGL.framework */,
				E45BE9720E8CC7DD009D7055 /* ApplicationServices.framework */,
				E45BE9730E8CC7DD009D7055 /* AudioToolbox.framework */,
				E45BE9740E8CC7DD009D7055 /* Carbon.framework */,
				E45BE9750E8CC7DD009D7055 /* CoreAudio.framework */,
				E45BE9760E8CC7DD009D7055 /* CoreFoundation.framework */,
				E45BE9770E8CC7DD009D7055 /* CoreServices.framework */,
				E45BE9790E8CC7DD009D7055 /* OpenGL.framework */,
				E45BE97A0E8CC7DD009D7055 /* QuickTime.framework */,
			);
			name = "system frameworks";
			sourceTree = "<group>";
		};
		BBAB23CA13894EDB00AA2426 /* 3rd party frameworks */ = {
			isa = PBXGroup;
			children = (
				BBAB23BE13894E4700AA2426 /* GLUT.framework */,
			);
			name = "3rd party frameworks";
			sourceTree = "<group>";
		};
		E4328144138ABC890047C5CB /* Products */ = {
			isa = PBXGroup;
			children = (
				E4328148138ABC890047C5CB /* openFrameworksDebug.a */,
			);
			name = Products;
			sourceTree = "<group>";
		};
		E45BE5980E8CC70C009D7055 /* frameworks */ = {
			isa = PBXGroup;
			children = (
				BBAB23CA13894EDB00AA2426 /* 3rd party frameworks */,
				BBAB23C913894ECA00AA2426 /* system frameworks */,
			);
			name = frameworks;
			sourceTree = "<group>";
		};
		E4B69B4A0A3A1720003C02F2 = {
			isa = PBXGroup;
			children = (
				E4B69E1C0A3A1BDC003C02F2 /* src */,
				E4EEC9E9138DF44700A80321 /* openFrameworks */,
				BB4B014C10F69532006C3DED /* addons */,
				E45BE5980E8CC70C009D7055 /* frameworks */,
				E4B69B5B0A3A1756003C02F2 /* ofxEdsdkExampleDebug.app */,
			);
			sourceTree = "<group>";
		};
		E4B69E1C0A3A1BDC003C02F2 /* src */ = {
			isa = PBXGroup;
			children = (
				E4B69E1D0A3A1BDC003C02F2 /* main.cpp */,
				4413359E144848CC009CB1A8 /* face.h */,
				4413359F144848CC009CB1A8 /* face.cpp */,
				E4B69E1F0A3A1BDC003C02F2 /* testApp.h */,
				E4B69E1E0A3A1BDC003C02F2 /* testApp.cpp */,
			);
			path = src;
			sourceTree = SOURCE_ROOT;
		};
		E4EEC9E9138DF44700A80321 /* openFrameworks */ = {
			isa = PBXGroup;
			children = (
				E4EB6923138AFD0F00A09F29 /* Project.xcconfig */,
				E4EB691F138AFCF100A09F29 /* CoreOF.xcconfig */,
				E4328143138ABC890047C5CB /* openFrameworksLib.xcodeproj */,
				E4B6FCAD0C3E899E008CF71C /* openFrameworks-Info.plist */,
			);
			name = openFrameworks;
			sourceTree = "<group>";
		};
/* End PBXGroup section */

/* Begin PBXNativeTarget section */
		E4B69B5A0A3A1756003C02F2 /* ofxEdsdkExample */ = {
			isa = PBXNativeTarget;
			buildConfigurationList = E4B69B5F0A3A1757003C02F2 /* Build configuration list for PBXNativeTarget "ofxEdsdkExample" */;
			buildPhases = (
				E4B69B580A3A1756003C02F2 /* Sources */,
				E4B69B590A3A1756003C02F2 /* Frameworks */,
				E4B6FFFD0C3F9AB9008CF71C /* ShellScript */,
				E4C2427710CC5ABF004149E2 /* CopyFiles */,
			);
			buildRules = (
			);
			dependencies = (
				E4EEB9AC138B136A00A80321 /* PBXTargetDependency */,
			);
			name = ofxEdsdkExample;
			productName = myOFApp;
			productReference = E4B69B5B0A3A1756003C02F2 /* ofxEdsdkExampleDebug.app */;
			productType = "com.apple.product-type.application";
		};
/* End PBXNativeTarget section */

/* Begin PBXProject section */
		E4B69B4C0A3A1720003C02F2 /* Project object */ = {
			isa = PBXProject;
			buildConfigurationList = E4B69B4D0A3A1720003C02F2 /* Build configuration list for PBXProject "ofxEdsdkExample" */;
			compatibilityVersion = "Xcode 2.4";
			developmentRegion = English;
			hasScannedForEncodings = 0;
			knownRegions = (
				English,
				Japanese,
				French,
				German,
			);
			mainGroup = E4B69B4A0A3A1720003C02F2;
			productRefGroup = E4B69B4A0A3A1720003C02F2;
			projectDirPath = "";
			projectReferences = (
				{
					ProductGroup = E4328144138ABC890047C5CB /* Products */;
					ProjectRef = E4328143138ABC890047C5CB /* openFrameworksLib.xcodeproj */;
				},
			);
			projectRoot = "";
			targets = (
				E4B69B5A0A3A1756003C02F2 /* ofxEdsdkExample */,
			);
		};
/* End PBXProject section */

/* Begin PBXReferenceProxy section */
		E4328148138ABC890047C5CB /* openFrameworksDebug.a */ = {
			isa = PBXReferenceProxy;
			fileType = archive.ar;
			path = openFrameworksDebug.a;
			remoteRef = E4328147138ABC890047C5CB /* PBXContainerItemProxy */;
			sourceTree = BUILT_PRODUCTS_DIR;
		};
/* End PBXReferenceProxy section */

/* Begin PBXShellScriptBuildPhase section */
		E4B6FFFD0C3F9AB9008CF71C /* ShellScript */ = {
			isa = PBXShellScriptBuildPhase;
			buildActionMask = 2147483647;
			files = (
			);
			inputPaths = (
			);
			outputPaths = (
			);
			runOnlyForDeploymentPostprocessing = 0;
			shellPath = /bin/sh;
			shellScript = "cp -f ../../../libs/fmodex/lib/osx/libfmodex.dylib \"$TARGET_BUILD_DIR/$PRODUCT_NAME.app/Contents/MacOS/libfmodex.dylib\"; install_name_tool -change ./libfmodex.dylib @executable_path/libfmodex.dylib \"$TARGET_BUILD_DIR/$PRODUCT_NAME.app/Contents/MacOS/$PRODUCT_NAME\";";
		};
/* End PBXShellScriptBuildPhase section */

/* Begin PBXSourcesBuildPhase section */
		E4B69B580A3A1756003C02F2 /* Sources */ = {
			isa = PBXSourcesBuildPhase;
			buildActionMask = 2147483647;
			files = (
				E4B69E200A3A1BDC003C02F2 /* main.cpp in Sources */,
				E4B69E210A3A1BDC003C02F2 /* testApp.cpp in Sources */,
				27926A4A13EA7BE3003F6797 /* ofxEdsdk.cpp in Sources */,
				441335241448465B009CB1A8 /* EdsExamples.cpp in Sources */,
				441335251448465B009CB1A8 /* EdsException.cpp in Sources */,
				441335261448465B009CB1A8 /* EdsStrings.cpp in Sources */,
				441335271448465B009CB1A8 /* EdsWrapper.cpp in Sources */,
				44133599144848BA009CB1A8 /* ofxOscBundle.cpp in Sources */,
				4413359A144848BA009CB1A8 /* ofxOscMessage.cpp in Sources */,
				4413359B144848BA009CB1A8 /* ofxOscReceiver.cpp in Sources */,
				4413359C144848BA009CB1A8 /* ofxOscSender.cpp in Sources */,
				441335A0144848CC009CB1A8 /* face.cpp in Sources */,
				441335AB14484911009CB1A8 /* tinyxml.cpp in Sources */,
				441335AC14484911009CB1A8 /* tinyxmlerror.cpp in Sources */,
				441335AD14484911009CB1A8 /* tinyxmlparser.cpp in Sources */,
				441335AE14484911009CB1A8 /* ofxXmlSettings.cpp in Sources */,
				44BB450E144C2B3500C44181 /* ofxMSAInteractiveObject.cpp in Sources */,
				44BB450F144C2B3500C44181 /* ofxSimpleGuiButton.cpp in Sources */,
				44BB4510144C2B3500C44181 /* ofxSimpleGuiColorPicker.cpp in Sources */,
				44BB4511144C2B3500C44181 /* ofxSimpleGuiComboBox.cpp in Sources */,
				44BB4512144C2B3500C44181 /* ofxSimpleGuiContent.cpp in Sources */,
				44BB4513144C2B3500C44181 /* ofxSimpleGuiFPSCounter.cpp in Sources */,
				44BB4514144C2B3500C44181 /* ofxSimpleGuiMovieSlider.cpp in Sources */,
				44BB4515144C2B3500C44181 /* ofxSimpleGuiQuadWarp.cpp in Sources */,
				44BB4516144C2B3500C44181 /* ofxSimpleGuiSlider2d.cpp in Sources */,
				44BB4517144C2B3500C44181 /* ofxSimpleGuiTitle.cpp in Sources */,
				44BB4518144C2B3500C44181 /* ofxSimpleGuiToggle.cpp in Sources */,
				44BB4519144C2B3500C44181 /* ofxSimpleGuiConfig.cpp in Sources */,
				44BB451A144C2B3500C44181 /* ofxSimpleGuiControl.cpp in Sources */,
				44BB451B144C2B3500C44181 /* ofxSimpleGuiPage.cpp in Sources */,
				44BB451C144C2B3500C44181 /* ofxSimpleGuiToo.cpp in Sources */,
				44BB451D144C2B3500C44181 /* ofxSimpleGuiValueControl.cpp in Sources */,
			);
			runOnlyForDeploymentPostprocessing = 0;
		};
/* End PBXSourcesBuildPhase section */

/* Begin PBXTargetDependency section */
		E4EEB9AC138B136A00A80321 /* PBXTargetDependency */ = {
			isa = PBXTargetDependency;
			name = openFrameworks;
			targetProxy = E4EEB9AB138B136A00A80321 /* PBXContainerItemProxy */;
		};
/* End PBXTargetDependency section */

/* Begin XCBuildConfiguration section */
		E4B69B4E0A3A1720003C02F2 /* Debug */ = {
			isa = XCBuildConfiguration;
			baseConfigurationReference = E4EB6923138AFD0F00A09F29 /* Project.xcconfig */;
			buildSettings = {
				ARCHS = "$(NATIVE_ARCH)";
				CONFIGURATION_BUILD_DIR = "$(SRCROOT)/bin/";
				COPY_PHASE_STRIP = NO;
				DEAD_CODE_STRIPPING = YES;
				GCC_AUTO_VECTORIZATION = YES;
				GCC_ENABLE_SSE3_EXTENSIONS = YES;
				GCC_ENABLE_SUPPLEMENTAL_SSE3_INSTRUCTIONS = YES;
				GCC_INLINES_ARE_PRIVATE_EXTERN = NO;
				GCC_MODEL_TUNING = G5;
				GCC_SYMBOLS_PRIVATE_EXTERN = NO;
				GCC_WARN_ABOUT_DEPRECATED_FUNCTIONS = NO;
				GCC_WARN_ABOUT_INVALID_OFFSETOF_MACRO = NO;
				GCC_WARN_ALLOW_INCOMPLETE_PROTOCOL = NO;
				GCC_WARN_UNINITIALIZED_AUTOS = NO;
				GCC_WARN_UNUSED_VALUE = NO;
				GCC_WARN_UNUSED_VARIABLE = NO;
				OTHER_CPLUSPLUSFLAGS = (
					"-D__MACOSX_CORE__",
					"-lpthread",
				);
			};
			name = Debug;
		};
		E4B69B4F0A3A1720003C02F2 /* Release */ = {
			isa = XCBuildConfiguration;
			baseConfigurationReference = E4EB6923138AFD0F00A09F29 /* Project.xcconfig */;
			buildSettings = {
				ARCHS = "$(NATIVE_ARCH)";
				CONFIGURATION_BUILD_DIR = "$(SRCROOT)/bin/";
				COPY_PHASE_STRIP = YES;
				DEAD_CODE_STRIPPING = YES;
				GCC_AUTO_VECTORIZATION = YES;
				GCC_ENABLE_SSE3_EXTENSIONS = YES;
				GCC_ENABLE_SUPPLEMENTAL_SSE3_INSTRUCTIONS = YES;
				GCC_INLINES_ARE_PRIVATE_EXTERN = NO;
				GCC_MODEL_TUNING = G5;
				GCC_OPTIMIZATION_LEVEL = 3;
				GCC_SYMBOLS_PRIVATE_EXTERN = NO;
				GCC_UNROLL_LOOPS = YES;
				GCC_WARN_ABOUT_DEPRECATED_FUNCTIONS = NO;
				GCC_WARN_ABOUT_INVALID_OFFSETOF_MACRO = NO;
				GCC_WARN_ALLOW_INCOMPLETE_PROTOCOL = NO;
				GCC_WARN_UNINITIALIZED_AUTOS = NO;
				GCC_WARN_UNUSED_VALUE = NO;
				GCC_WARN_UNUSED_VARIABLE = NO;
				OTHER_CPLUSPLUSFLAGS = (
					"-D__MACOSX_CORE__",
					"-lpthread",
				);
			};
			name = Release;
		};
		E4B69B600A3A1757003C02F2 /* Debug */ = {
			isa = XCBuildConfiguration;
			buildSettings = {
				COPY_PHASE_STRIP = NO;
				FRAMEWORK_SEARCH_PATHS = (
					"$(inherited)",
					"$(FRAMEWORK_SEARCH_PATHS_QUOTED_FOR_TARGET_1)",
					"$(FRAMEWORK_SEARCH_PATHS_QUOTED_FOR_TARGET_2)",
					"$(FRAMEWORK_SEARCH_PATHS_QUOTED_FOR_TARGET_3)",
				);
				FRAMEWORK_SEARCH_PATHS_QUOTED_FOR_TARGET_1 = "\"$(SRCROOT)/../../../libs/glut/lib/osx\"";
				FRAMEWORK_SEARCH_PATHS_QUOTED_FOR_TARGET_2 = "\"$(SRCROOT)/ofxEdsdk/lib/EDSDK/Framework\"";
				FRAMEWORK_SEARCH_PATHS_QUOTED_FOR_TARGET_3 = "\"$(SRCROOT)/../../../addons/ofxEdsdk/lib/EDSDK/Framework\"";
				GCC_DYNAMIC_NO_PIC = NO;
				GCC_ENABLE_FIX_AND_CONTINUE = YES;
				GCC_GENERATE_DEBUGGING_SYMBOLS = YES;
				GCC_MODEL_TUNING = G4;
				GCC_PRECOMPILE_PREFIX_HEADER = YES;
				GCC_PREFIX_HEADER = "$(SYSTEM_LIBRARY_DIR)/Frameworks/Carbon.framework/Headers/Carbon.h";
				INFOPLIST_FILE = "openFrameworks-Info.plist";
				INSTALL_PATH = "$(HOME)/Applications";
				LIBRARY_SEARCH_PATHS = (
					"$(inherited)",
					"$(LIBRARY_SEARCH_PATHS_QUOTED_FOR_TARGET_1)",
					"$(LIBRARY_SEARCH_PATHS_QUOTED_FOR_TARGET_2)",
					"$(LIBRARY_SEARCH_PATHS_QUOTED_FOR_TARGET_3)",
					"$(LIBRARY_SEARCH_PATHS_QUOTED_FOR_TARGET_4)",
					"$(LIBRARY_SEARCH_PATHS_QUOTED_FOR_TARGET_5)",
					"$(LIBRARY_SEARCH_PATHS_QUOTED_FOR_TARGET_6)",
					"$(LIBRARY_SEARCH_PATHS_QUOTED_FOR_TARGET_7)",
					"$(LIBRARY_SEARCH_PATHS_QUOTED_FOR_TARGET_8)",
					"$(LIBRARY_SEARCH_PATHS_QUOTED_FOR_TARGET_9)",
					"$(LIBRARY_SEARCH_PATHS_QUOTED_FOR_TARGET_10)",
					"$(LIBRARY_SEARCH_PATHS_QUOTED_FOR_TARGET_11)",
					"$(LIBRARY_SEARCH_PATHS_QUOTED_FOR_TARGET_12)",
					"$(LIBRARY_SEARCH_PATHS_QUOTED_FOR_TARGET_13)",
					"$(LIBRARY_SEARCH_PATHS_QUOTED_FOR_TARGET_14)",
					"$(LIBRARY_SEARCH_PATHS_QUOTED_FOR_TARGET_15)",
					"$(LIBRARY_SEARCH_PATHS_QUOTED_FOR_TARGET_2)",
					"$(LIBRARY_SEARCH_PATHS_QUOTED_FOR_TARGET_3)",
					"$(LIBRARY_SEARCH_PATHS_QUOTED_FOR_TARGET_7)",
					"$(LIBRARY_SEARCH_PATHS_QUOTED_FOR_TARGET_8)",
					"$(LIBRARY_SEARCH_PATHS_QUOTED_FOR_TARGET_9)",
					"$(LIBRARY_SEARCH_PATHS_QUOTED_FOR_TARGET_10)",
					"$(LIBRARY_SEARCH_PATHS_QUOTED_FOR_TARGET_11)",
					"$(LIBRARY_SEARCH_PATHS_QUOTED_FOR_TARGET_12)",
					"$(LIBRARY_SEARCH_PATHS_QUOTED_FOR_TARGET_13)",
					"$(LIBRARY_SEARCH_PATHS_QUOTED_FOR_TARGET_16)",
					"$(LIBRARY_SEARCH_PATHS_QUOTED_FOR_TARGET_17)",
					"$(LIBRARY_SEARCH_PATHS_QUOTED_FOR_TARGET_18)",
					"$(LIBRARY_SEARCH_PATHS_QUOTED_FOR_TARGET_19)",
					"$(LIBRARY_SEARCH_PATHS_QUOTED_FOR_TARGET_20)",
					"$(LIBRARY_SEARCH_PATHS_QUOTED_FOR_TARGET_21)",
					"$(LIBRARY_SEARCH_PATHS_QUOTED_FOR_TARGET_22)",
					"$(LIBRARY_SEARCH_PATHS_QUOTED_FOR_TARGET_23)",
					"$(LIBRARY_SEARCH_PATHS_QUOTED_FOR_TARGET_24)",
					"$(LIBRARY_SEARCH_PATHS_QUOTED_FOR_TARGET_25)",
					"$(LIBRARY_SEARCH_PATHS_QUOTED_FOR_TARGET_26)",
					"$(LIBRARY_SEARCH_PATHS_QUOTED_FOR_TARGET_27)",
					"$(LIBRARY_SEARCH_PATHS_QUOTED_FOR_TARGET_28)",
					"$(LIBRARY_SEARCH_PATHS_QUOTED_FOR_TARGET_29)",
					"$(LIBRARY_SEARCH_PATHS_QUOTED_FOR_TARGET_30)",
					"$(LIBRARY_SEARCH_PATHS_QUOTED_FOR_TARGET_31)",
					"$(LIBRARY_SEARCH_PATHS_QUOTED_FOR_TARGET_32)",
					"$(LIBRARY_SEARCH_PATHS_QUOTED_FOR_TARGET_33)",
					"$(LIBRARY_SEARCH_PATHS_QUOTED_FOR_TARGET_34)",
					"$(LIBRARY_SEARCH_PATHS_QUOTED_FOR_TARGET_35)",
					"$(LIBRARY_SEARCH_PATHS_QUOTED_FOR_TARGET_36)",
					"$(LIBRARY_SEARCH_PATHS_QUOTED_FOR_TARGET_37)",
					"$(LIBRARY_SEARCH_PATHS_QUOTED_FOR_TARGET_38)",
					"$(LIBRARY_SEARCH_PATHS_QUOTED_FOR_TARGET_39)",
					"$(LIBRARY_SEARCH_PATHS_QUOTED_FOR_TARGET_40)",
					"$(LIBRARY_SEARCH_PATHS_QUOTED_FOR_TARGET_41)",
					"$(LIBRARY_SEARCH_PATHS_QUOTED_FOR_TARGET_42)",
					"$(LIBRARY_SEARCH_PATHS_QUOTED_FOR_TARGET_43)",
					"$(LIBRARY_SEARCH_PATHS_QUOTED_FOR_TARGET_44)",
					"$(LIBRARY_SEARCH_PATHS_QUOTED_FOR_TARGET_45)",
					"$(LIBRARY_SEARCH_PATHS_QUOTED_FOR_TARGET_46)",
					"$(LIBRARY_SEARCH_PATHS_QUOTED_FOR_TARGET_47)",
					"$(LIBRARY_SEARCH_PATHS_QUOTED_FOR_TARGET_48)",
					"$(LIBRARY_SEARCH_PATHS_QUOTED_FOR_TARGET_49)",
					"$(LIBRARY_SEARCH_PATHS_QUOTED_FOR_TARGET_50)",
					"$(LIBRARY_SEARCH_PATHS_QUOTED_FOR_TARGET_51)",
					"$(LIBRARY_SEARCH_PATHS_QUOTED_FOR_TARGET_52)",
					"$(LIBRARY_SEARCH_PATHS_QUOTED_FOR_TARGET_1)",
				);
				LIBRARY_SEARCH_PATHS_QUOTED_FOR_TARGET_1 = "\"$(SRCROOT)/../../../addons/ofxOsc/libs/oscpack/lib/osx\"";
				PREBINDING = NO;
				PRODUCT_NAME = "$(TARGET_NAME)Debug";
				WRAPPER_EXTENSION = app;
			};
			name = Debug;
		};
		E4B69B610A3A1757003C02F2 /* Release */ = {
			isa = XCBuildConfiguration;
			buildSettings = {
				COPY_PHASE_STRIP = YES;
				FRAMEWORK_SEARCH_PATHS = (
					"$(inherited)",
					"$(FRAMEWORK_SEARCH_PATHS_QUOTED_FOR_TARGET_1)",
					"$(FRAMEWORK_SEARCH_PATHS_QUOTED_FOR_TARGET_2)",
					"$(FRAMEWORK_SEARCH_PATHS_QUOTED_FOR_TARGET_3)",
				);
				FRAMEWORK_SEARCH_PATHS_QUOTED_FOR_TARGET_1 = "\"$(SRCROOT)/../../../libs/glut/lib/osx\"";
				FRAMEWORK_SEARCH_PATHS_QUOTED_FOR_TARGET_2 = "\"$(SRCROOT)/ofxEdsdk/lib/EDSDK/Framework\"";
				FRAMEWORK_SEARCH_PATHS_QUOTED_FOR_TARGET_3 = "\"$(SRCROOT)/../../../addons/ofxEdsdk/lib/EDSDK/Framework\"";
				GCC_ENABLE_FIX_AND_CONTINUE = NO;
				GCC_GENERATE_DEBUGGING_SYMBOLS = NO;
				GCC_MODEL_TUNING = G4;
				GCC_PRECOMPILE_PREFIX_HEADER = YES;
				GCC_PREFIX_HEADER = "$(SYSTEM_LIBRARY_DIR)/Frameworks/Carbon.framework/Headers/Carbon.h";
				INFOPLIST_FILE = "openFrameworks-Info.plist";
				INSTALL_PATH = "$(HOME)/Applications";
				LIBRARY_SEARCH_PATHS = (
					"$(inherited)",
					"$(LIBRARY_SEARCH_PATHS_QUOTED_FOR_TARGET_1)",
					"$(LIBRARY_SEARCH_PATHS_QUOTED_FOR_TARGET_2)",
					"$(LIBRARY_SEARCH_PATHS_QUOTED_FOR_TARGET_3)",
					"$(LIBRARY_SEARCH_PATHS_QUOTED_FOR_TARGET_4)",
					"$(LIBRARY_SEARCH_PATHS_QUOTED_FOR_TARGET_5)",
					"$(LIBRARY_SEARCH_PATHS_QUOTED_FOR_TARGET_6)",
					"$(LIBRARY_SEARCH_PATHS_QUOTED_FOR_TARGET_7)",
					"$(LIBRARY_SEARCH_PATHS_QUOTED_FOR_TARGET_8)",
					"$(LIBRARY_SEARCH_PATHS_QUOTED_FOR_TARGET_9)",
					"$(LIBRARY_SEARCH_PATHS_QUOTED_FOR_TARGET_10)",
					"$(LIBRARY_SEARCH_PATHS_QUOTED_FOR_TARGET_11)",
					"$(LIBRARY_SEARCH_PATHS_QUOTED_FOR_TARGET_12)",
					"$(LIBRARY_SEARCH_PATHS_QUOTED_FOR_TARGET_13)",
					"$(LIBRARY_SEARCH_PATHS_QUOTED_FOR_TARGET_14)",
					"$(LIBRARY_SEARCH_PATHS_QUOTED_FOR_TARGET_15)",
					"$(LIBRARY_SEARCH_PATHS_QUOTED_FOR_TARGET_2)",
					"$(LIBRARY_SEARCH_PATHS_QUOTED_1)",
					"$(LIBRARY_SEARCH_PATHS_QUOTED_FOR_TARGET_3)",
					"$(LIBRARY_SEARCH_PATHS_QUOTED_FOR_TARGET_7)",
					"$(LIBRARY_SEARCH_PATHS_QUOTED_FOR_TARGET_8)",
					"$(LIBRARY_SEARCH_PATHS_QUOTED_FOR_TARGET_9)",
					"$(LIBRARY_SEARCH_PATHS_QUOTED_FOR_TARGET_10)",
					"$(LIBRARY_SEARCH_PATHS_QUOTED_FOR_TARGET_11)",
					"$(LIBRARY_SEARCH_PATHS_QUOTED_FOR_TARGET_12)",
					"$(LIBRARY_SEARCH_PATHS_QUOTED_FOR_TARGET_13)",
					"$(LIBRARY_SEARCH_PATHS_QUOTED_FOR_TARGET_16)",
					"$(LIBRARY_SEARCH_PATHS_QUOTED_FOR_TARGET_17)",
					"$(LIBRARY_SEARCH_PATHS_QUOTED_FOR_TARGET_18)",
					"$(LIBRARY_SEARCH_PATHS_QUOTED_FOR_TARGET_19)",
					"$(LIBRARY_SEARCH_PATHS_QUOTED_FOR_TARGET_20)",
					"$(LIBRARY_SEARCH_PATHS_QUOTED_FOR_TARGET_21)",
					"$(LIBRARY_SEARCH_PATHS_QUOTED_FOR_TARGET_22)",
					"$(LIBRARY_SEARCH_PATHS_QUOTED_FOR_TARGET_23)",
					"$(LIBRARY_SEARCH_PATHS_QUOTED_FOR_TARGET_24)",
					"$(LIBRARY_SEARCH_PATHS_QUOTED_FOR_TARGET_25)",
					"$(LIBRARY_SEARCH_PATHS_QUOTED_FOR_TARGET_26)",
					"$(LIBRARY_SEARCH_PATHS_QUOTED_FOR_TARGET_27)",
					"$(LIBRARY_SEARCH_PATHS_QUOTED_FOR_TARGET_28)",
					"$(LIBRARY_SEARCH_PATHS_QUOTED_FOR_TARGET_29)",
					"$(LIBRARY_SEARCH_PATHS_QUOTED_FOR_TARGET_30)",
					"$(LIBRARY_SEARCH_PATHS_QUOTED_FOR_TARGET_31)",
					"$(LIBRARY_SEARCH_PATHS_QUOTED_FOR_TARGET_32)",
					"$(LIBRARY_SEARCH_PATHS_QUOTED_FOR_TARGET_33)",
					"$(LIBRARY_SEARCH_PATHS_QUOTED_FOR_TARGET_34)",
					"$(LIBRARY_SEARCH_PATHS_QUOTED_FOR_TARGET_35)",
					"$(LIBRARY_SEARCH_PATHS_QUOTED_FOR_TARGET_36)",
					"$(LIBRARY_SEARCH_PATHS_QUOTED_FOR_TARGET_37)",
					"$(LIBRARY_SEARCH_PATHS_QUOTED_FOR_TARGET_38)",
					"$(LIBRARY_SEARCH_PATHS_QUOTED_FOR_TARGET_39)",
					"$(LIBRARY_SEARCH_PATHS_QUOTED_FOR_TARGET_40)",
					"$(LIBRARY_SEARCH_PATHS_QUOTED_FOR_TARGET_41)",
					"$(LIBRARY_SEARCH_PATHS_QUOTED_FOR_TARGET_42)",
					"$(LIBRARY_SEARCH_PATHS_QUOTED_FOR_TARGET_43)",
					"$(LIBRARY_SEARCH_PATHS_QUOTED_FOR_TARGET_44)",
					"$(LIBRARY_SEARCH_PATHS_QUOTED_FOR_TARGET_45)",
					"$(LIBRARY_SEARCH_PATHS_QUOTED_FOR_TARGET_46)",
					"$(LIBRARY_SEARCH_PATHS_QUOTED_FOR_TARGET_47)",
					"$(LIBRARY_SEARCH_PATHS_QUOTED_FOR_TARGET_48)",
					"$(LIBRARY_SEARCH_PATHS_QUOTED_FOR_TARGET_49)",
					"$(LIBRARY_SEARCH_PATHS_QUOTED_FOR_TARGET_50)",
					"$(LIBRARY_SEARCH_PATHS_QUOTED_FOR_TARGET_51)",
					"$(LIBRARY_SEARCH_PATHS_QUOTED_FOR_TARGET_1)",
				);
				LIBRARY_SEARCH_PATHS_QUOTED_FOR_TARGET_1 = "\"$(SRCROOT)/../../../addons/ofxOsc/libs/oscpack/lib/osx\"";
				PREBINDING = NO;
				PRODUCT_NAME = "$(TARGET_NAME)";
				WRAPPER_EXTENSION = app;
			};
			name = Release;
		};
/* End XCBuildConfiguration section */

/* Begin XCConfigurationList section */
		E4B69B4D0A3A1720003C02F2 /* Build configuration list for PBXProject "ofxEdsdkExample" */ = {
			isa = XCConfigurationList;
			buildConfigurations = (
				E4B69B4E0A3A1720003C02F2 /* Debug */,
				E4B69B4F0A3A1720003C02F2 /* Release */,
			);
			defaultConfigurationIsVisible = 0;
			defaultConfigurationName = Release;
		};
		E4B69B5F0A3A1757003C02F2 /* Build configuration list for PBXNativeTarget "ofxEdsdkExample" */ = {
			isa = XCConfigurationList;
			buildConfigurations = (
				E4B69B600A3A1757003C02F2 /* Debug */,
				E4B69B610A3A1757003C02F2 /* Release */,
			);
			defaultConfigurationIsVisible = 0;
			defaultConfigurationName = Release;
		};
/* End XCConfigurationList section */
	};
	rootObject = E4B69B4C0A3A1720003C02F2 /* Project object */;
}
